
Microsoft Visual Studio Solution File, Format Version 11.00
# Visual Studio 2010
Project("{8BC9CEB8-8B4A-11D0-8D11-00A0C91BC942}") = "2020_01_31", "2020_01_31\2020_01_31.vcxproj", "{9CF1F18A-0EA7-4F5E-BF90-A9314AF012A2}"
EndProject
Global
	GlobalSection(SolutionConfigurationPlatforms) = preSolution
		Debug|Win32 = Debug|Win32
		Release|Win32 = Release|Win32
	EndGlobalSection
	GlobalSection(ProjectConfigurationPlatforms) = postSolution
		{9CF1F18A-0EA7-4F5E-BF90-A9314AF012A2}.Debug|Win32.ActiveCfg = Debug|Win32
		{9CF1F18A-0EA7-4F5E-BF90-A9314AF012A2}.Debug|Win32.Build.0 = Debug|Win32
		{9CF1F18A-0EA7-4F5E-BF90-A9314AF012A2}.Release|Win32.ActiveCfg = Release|Win32
		{9CF1F18A-0EA7-4F5E-BF90-A9314AF012A2}.Release|Win32.Build.0 = Release|Win32
	EndGlobalSection
	GlobalSection(SolutionProperties) = preSolution
		HideSolutionNode = FALSE
	EndGlobalSection
EndGlobal
